
Microsoft Visual Studio Solution File, Format Version 12.00
# Visual Studio Version 17
VisualStudioVersion = 17.5.33530.505
MinimumVisualStudioVersion = 10.0.40219.1
Project("{FAE04EC0-301F-11D3-BF4B-00C04F79EFBC}") = "ErrorMultipart", "ErrorMultipart\ErrorMultipart.csproj", "{F815007F-C306-4195-A598-DA622C827639}"
EndProject
Project("{FAE04EC0-301F-11D3-BF4B-00C04F79EFBC}") = "Client", "Client\Client.csproj", "{35801D46-C62D-467C-99FA-19D941D7625F}"
EndProject
Global
	GlobalSection(SolutionConfigurationPlatforms) = preSolution
		Debug|Any CPU = Debug|Any CPU
		Release|Any CPU = Release|Any CPU
	EndGlobalSection
	GlobalSection(ProjectConfigurationPlatforms) = postSolution
		{F815007F-C306-4195-A598-DA622C827639}.Debug|Any CPU.ActiveCfg = Debug|Any CPU
		{F815007F-C306-4195-A598-DA622C827639}.Debug|Any CPU.Build.0 = Debug|Any CPU
		{F815007F-C306-4195-A598-DA622C827639}.Release|Any CPU.ActiveCfg = Release|Any CPU
		{F815007F-C306-4195-A598-DA622C827639}.Release|Any CPU.Build.0 = Release|Any CPU
		{35801D46-C62D-467C-99FA-19D941D7625F}.Debug|Any CPU.ActiveCfg = Debug|Any CPU
		{35801D46-C62D-467C-99FA-19D941D7625F}.Debug|Any CPU.Build.0 = Debug|Any CPU
		{35801D46-C62D-467C-99FA-19D941D7625F}.Release|Any CPU.ActiveCfg = Release|Any CPU
		{35801D46-C62D-467C-99FA-19D941D7625F}.Release|Any CPU.Build.0 = Release|Any CPU
	EndGlobalSection
	GlobalSection(SolutionProperties) = preSolution
		HideSolutionNode = FALSE
	EndGlobalSection
	GlobalSection(ExtensibilityGlobals) = postSolution
		SolutionGuid = {09DE5538-8DF2-4ABE-8605-2BCC311D926A}
	EndGlobalSection
EndGlobal
